// !$*UTF8*$!
{
	archiveVersion = 1;
	classes = {
	};
	objectVersion = 46;
	objects = {

/* Begin PBXBuildFile section */
		4FC9BFF51B2C9640002A3458 /* AppDelegate.swift in Sources */ = {isa = PBXBuildFile; fileRef = 4FC9BFF41B2C9640002A3458 /* AppDelegate.swift */; };
		4FC9BFF71B2C9640002A3458 /* ViewController.swift in Sources */ = {isa = PBXBuildFile; fileRef = 4FC9BFF61B2C9640002A3458 /* ViewController.swift */; };
		4FC9BFFA1B2C9640002A3458 /* Main.storyboard in Resources */ = {isa = PBXBuildFile; fileRef = 4FC9BFF81B2C9640002A3458 /* Main.storyboard */; };
		4FC9BFFC1B2C9640002A3458 /* Images.xcassets in Resources */ = {isa = PBXBuildFile; fileRef = 4FC9BFFB1B2C9640002A3458 /* Images.xcassets */; };
		4FC9BFFF1B2C9640002A3458 /* LaunchScreen.xib in Resources */ = {isa = PBXBuildFile; fileRef = 4FC9BFFD1B2C9640002A3458 /* LaunchScreen.xib */; };
		4FC9C00B1B2C9640002A3458 /* ZipCashLockableTests.swift in Sources */ = {isa = PBXBuildFile; fileRef = 4FC9C00A1B2C9640002A3458 /* ZipCashLockableTests.swift */; };
		4FCCA8161B2CA84D00113CF3 /* ZipTextViewDelegate.swift in Sources */ = {isa = PBXBuildFile; fileRef = 4FCCA8151B2CA84D00113CF3 /* ZipTextViewDelegate.swift */; };
		4FEA07D41B2F282000939933 /* DollarTextDelegate.swift in Sources */ = {isa = PBXBuildFile; fileRef = 4FEA07D31B2F282000939933 /* DollarTextDelegate.swift */; };
/* End PBXBuildFile section */

/* Begin PBXContainerItemProxy section */
		4FC9C0051B2C9640002A3458 /* PBXContainerItemProxy */ = {
			isa = PBXContainerItemProxy;
			containerPortal = 4FC9BFE71B2C9640002A3458 /* Project object */;
			proxyType = 1;
			remoteGlobalIDString = 4FC9BFEE1B2C9640002A3458;
			remoteInfo = ZipCashLockable;
		};
/* End PBXContainerItemProxy section */

/* Begin PBXFileReference section */
		4FC9BFEF1B2C9640002A3458 /* ZipCashLockable.app */ = {isa = PBXFileReference; explicitFileType = wrapper.application; includeInIndex = 0; path = ZipCashLockable.app; sourceTree = BUILT_PRODUCTS_DIR; };
		4FC9BFF31B2C9640002A3458 /* Info.plist */ = {isa = PBXFileReference; lastKnownFileType = text.plist.xml; path = Info.plist; sourceTree = "<group>"; };
		4FC9BFF41B2C9640002A3458 /* AppDelegate.swift */ = {isa = PBXFileReference; lastKnownFileType = sourcecode.swift; path = AppDelegate.swift; sourceTree = "<group>"; };
		4FC9BFF61B2C9640002A3458 /* ViewController.swift */ = {isa = PBXFileReference; lastKnownFileType = sourcecode.swift; path = ViewController.swift; sourceTree = "<group>"; };
		4FC9BFF91B2C9640002A3458 /* Base */ = {isa = PBXFileReference; lastKnownFileType = file.storyboard; name = Base; path = Base.lproj/Main.storyboard; sourceTree = "<group>"; };
		4FC9BFFB1B2C9640002A3458 /* Images.xcassets */ = {isa = PBXFileReference; lastKnownFileType = folder.assetcatalog; path = Images.xcassets; sourceTree = "<group>"; };
		4FC9BFFE1B2C9640002A3458 /* Base */ = {isa = PBXFileReference; lastKnownFileType = file.xib; name = Base; path = Base.lproj/LaunchScreen.xib; sourceTree = "<group>"; };
		4FC9C0041B2C9640002A3458 /* ZipCashLockableTests.xctest */ = {isa = PBXFileReference; explicitFileType = wrapper.cfbundle; includeInIndex = 0; path = ZipCashLockableTests.xctest; sourceTree = BUILT_PRODUCTS_DIR; };
		4FC9C0091B2C9640002A3458 /* Info.plist */ = {isa = PBXFileReference; lastKnownFileType = text.plist.xml; path = Info.plist; sourceTree = "<group>"; };
		4FC9C00A1B2C9640002A3458 /* ZipCashLockableTests.swift */ = {isa = PBXFileReference; lastKnownFileType = sourcecode.swift; path = ZipCashLockableTests.swift; sourceTree = "<group>"; };
		4FCCA8151B2CA84D00113CF3 /* ZipTextViewDelegate.swift */ = {isa = PBXFileReference; fileEncoding = 4; lastKnownFileType = sourcecode.swift; path = ZipTextViewDelegate.swift; sourceTree = "<group>"; };
		4FEA07D31B2F282000939933 /* DollarTextDelegate.swift */ = {isa = PBXFileReference; fileEncoding = 4; lastKnownFileType = sourcecode.swift; path = DollarTextDelegate.swift; sourceTree = "<group>"; };
/* End PBXFileReference section */

/* Begin PBXFrameworksBuildPhase section */
		4FC9BFEC1B2C9640002A3458 /* Frameworks */ = {
			isa = PBXFrameworksBuildPhase;
			buildActionMask = 2147483647;
			files = (
			);
			runOnlyForDeploymentPostprocessing = 0;
		};
		4FC9C0011B2C9640002A3458 /* Frameworks */ = {
			isa = PBXFrameworksBuildPhase;
			buildActionMask = 2147483647;
			files = (
			);
			runOnlyForDeploymentPostprocessing = 0;
		};
/* End PBXFrameworksBuildPhase section */

/* Begin PBXGroup section */
		4FC9BFE61B2C9640002A3458 = {
			isa = PBXGroup;
			children = (
				4FC9BFF11B2C9640002A3458 /* ZipCashLockable */,
				4FC9C0071B2C9640002A3458 /* ZipCashLockableTests */,
				4FC9BFF01B2C9640002A3458 /* Products */,
			);
			sourceTree = "<group>";
		};
		4FC9BFF01B2C9640002A3458 /* Products */ = {
			isa = PBXGroup;
			children = (
				4FC9BFEF1B2C9640002A3458 /* ZipCashLockable.app */,
				4FC9C0041B2C9640002A3458 /* ZipCashLockableTests.xctest */,
			);
			name = Products;
			sourceTree = "<group>";
		};
		4FC9BFF11B2C9640002A3458 /* ZipCashLockable */ = {
			isa = PBXGroup;
			children = (
				4FC9C0141B2C996D002A3458 /* Delegates */,
				4FC9BFF41B2C9640002A3458 /* AppDelegate.swift */,
				4FC9BFF61B2C9640002A3458 /* ViewController.swift */,
				4FC9BFF81B2C9640002A3458 /* Main.storyboard */,
				4FC9BFFB1B2C9640002A3458 /* Images.xcassets */,
				4FC9BFFD1B2C9640002A3458 /* LaunchScreen.xib */,
				4FC9BFF21B2C9640002A3458 /* Supporting Files */,
			);
			path = ZipCashLockable;
			sourceTree = "<group>";
		};
		4FC9BFF21B2C9640002A3458 /* Supporting Files */ = {
			isa = PBXGroup;
			children = (
				4FC9BFF31B2C9640002A3458 /* Info.plist */,
			);
			name = "Supporting Files";
			sourceTree = "<group>";
		};
		4FC9C0071B2C9640002A3458 /* ZipCashLockableTests */ = {
			isa = PBXGroup;
			children = (
				4FC9C00A1B2C9640002A3458 /* ZipCashLockableTests.swift */,
				4FC9C0081B2C9640002A3458 /* Supporting Files */,
			);
			path = ZipCashLockableTests;
			sourceTree = "<group>";
		};
		4FC9C0081B2C9640002A3458 /* Supporting Files */ = {
			isa = PBXGroup;
			children = (
				4FC9C0091B2C9640002A3458 /* Info.plist */,
			);
			name = "Supporting Files";
			sourceTree = "<group>";
		};
		4FC9C0141B2C996D002A3458 /* Delegates */ = {
			isa = PBXGroup;
			children = (
				4FCCA8151B2CA84D00113CF3 /* ZipTextViewDelegate.swift */,
				4FEA07D31B2F282000939933 /* DollarTextDelegate.swift */,
			);
			name = Delegates;
			sourceTree = "<group>";
		};
/* End PBXGroup section */

/* Begin PBXNativeTarget section */
		4FC9BFEE1B2C9640002A3458 /* ZipCashLockable */ = {
			isa = PBXNativeTarget;
			buildConfigurationList = 4FC9C00E1B2C9640002A3458 /* Build configuration list for PBXNativeTarget "ZipCashLockable" */;
			buildPhases = (
				4FC9BFEB1B2C9640002A3458 /* Sources */,
				4FC9BFEC1B2C9640002A3458 /* Frameworks */,
				4FC9BFED1B2C9640002A3458 /* Resources */,
			);
			buildRules = (
			);
			dependencies = (
			);
			name = ZipCashLockable;
			productName = ZipCashLockable;
			productReference = 4FC9BFEF1B2C9640002A3458 /* ZipCashLockable.app */;
			productType = "com.apple.product-type.application";
		};
		4FC9C0031B2C9640002A3458 /* ZipCashLockableTests */ = {
			isa = PBXNativeTarget;
			buildConfigurationList = 4FC9C0111B2C9640002A3458 /* Build configuration list for PBXNativeTarget "ZipCashLockableTests" */;
			buildPhases = (
				4FC9C0001B2C9640002A3458 /* Sources */,
				4FC9C0011B2C9640002A3458 /* Frameworks */,
				4FC9C0021B2C9640002A3458 /* Resources */,
			);
			buildRules = (
			);
			dependencies = (
				4FC9C0061B2C9640002A3458 /* PBXTargetDependency */,
			);
			name = ZipCashLockableTests;
			productName = ZipCashLockableTests;
			productReference = 4FC9C0041B2C9640002A3458 /* ZipCashLockableTests.xctest */;
			productType = "com.apple.product-type.bundle.unit-test";
		};
/* End PBXNativeTarget section */

/* Begin PBXProject section */
		4FC9BFE71B2C9640002A3458 /* Project object */ = {
			isa = PBXProject;
			attributes = {
				LastUpgradeCheck = 0630;
				ORGANIZATIONNAME = "Oliver Körber";
				TargetAttributes = {
					4FC9BFEE1B2C9640002A3458 = {
						CreatedOnToolsVersion = 6.3.2;
					};
					4FC9C0031B2C9640002A3458 = {
						CreatedOnToolsVersion = 6.3.2;
						TestTargetID = 4FC9BFEE1B2C9640002A3458;
					};
				};
			};
			buildConfigurationList = 4FC9BFEA1B2C9640002A3458 /* Build configuration list for PBXProject "ZipCashLockable" */;
			compatibilityVersion = "Xcode 3.2";
			developmentRegion = English;
			hasScannedForEncodings = 0;
			knownRegions = (
				en,
				Base,
			);
			mainGroup = 4FC9BFE61B2C9640002A3458;
			productRefGroup = 4FC9BFF01B2C9640002A3458 /* Products */;
			projectDirPath = "";
			projectRoot = "";
			targets = (
				4FC9BFEE1B2C9640002A3458 /* ZipCashLockable */,
				4FC9C0031B2C9640002A3458 /* ZipCashLockableTests */,
			);
		};
/* End PBXProject section */

/* Begin PBXResourcesBuildPhase section */
		4FC9BFED1B2C9640002A3458 /* Resources */ = {
			isa = PBXResourcesBuildPhase;
			buildActionMask = 2147483647;
			files = (
				4FC9BFFA1B2C9640002A3458 /* Main.storyboard in Resources */,
				4FC9BFFF1B2C9640002A3458 /* LaunchScreen.xib in Resources */,
				4FC9BFFC1B2C9640002A3458 /* Images.xcassets in Resources */,
			);
			runOnlyForDeploymentPostprocessing = 0;
		};
		4FC9C0021B2C9640002A3458 /* Resources */ = {
			isa = PBXResourcesBuildPhase;
			buildActionMask = 2147483647;
			files = (
			);
			runOnlyForDeploymentPostprocessing = 0;
		};
/* End PBXResourcesBuildPhase section */

/* Begin PBXSourcesBuildPhase section */
		4FC9BFEB1B2C9640002A3458 /* Sources */ = {
			isa = PBXSourcesBuildPhase;
			buildActionMask = 2147483647;
			files = (
				4FCCA8161B2CA84D00113CF3 /* ZipTextViewDelegate.swift in Sources */,
				4FEA07D41B2F282000939933 /* DollarTextDelegate.swift in Sources */,
				4FC9BFF71B2C9640002A3458 /* ViewController.swift in Sources */,
				4FC9BFF51B2C9640002A3458 /* AppDelegate.swift in Sources */,
			);
			runOnlyForDeploymentPostprocessing = 0;
		};
		4FC9C0001B2C9640002A3458 /* Sources */ = {
			isa = PBXSourcesBuildPhase;
			buildActionMask = 2147483647;
			files = (
				4FC9C00B1B2C9640002A3458 /* ZipCashLockableTests.swift in Sources */,
			);
			runOnlyForDeploymentPostprocessing = 0;
		};
/* End PBXSourcesBuildPhase section */

/* Begin PBXTargetDependency section */
		4FC9C0061B2C9640002A3458 /* PBXTargetDependency */ = {
			isa = PBXTargetDependency;
			target = 4FC9BFEE1B2C9640002A3458 /* ZipCashLockable */;
			targetProxy = 4FC9C0051B2C9640002A3458 /* PBXContainerItemProxy */;
		};
/* End PBXTargetDependency section */

/* Begin PBXVariantGroup section */
		4FC9BFF81B2C9640002A3458 /* Main.storyboard */ = {
			isa = PBXVariantGroup;
			children = (
				4FC9BFF91B2C9640002A3458 /* Base */,
			);
			name = Main.storyboard;
			sourceTree = "<group>";
		};
		4FC9BFFD1B2C9640002A3458 /* LaunchScreen.xib */ = {
			isa = PBXVariantGroup;
			children = (
				4FC9BFFE1B2C9640002A3458 /* Base */,
			);
			name = LaunchScreen.xib;
			sourceTree = "<group>";
		};
/* End PBXVariantGroup section */

/* Begin XCBuildConfiguration section */
		4FC9C00C1B2C9640002A3458 /* Debug */ = {
			isa = XCBuildConfiguration;
			buildSettings = {
				ALWAYS_SEARCH_USER_PATHS = NO;
				CLANG_CXX_LANGUAGE_STANDARD = "gnu++0x";
				CLANG_CXX_LIBRARY = "libc++";
				CLANG_ENABLE_MODULES = YES;
				CLANG_ENABLE_OBJC_ARC = YES;
				CLANG_WARN_BOOL_CONVERSION = YES;
				CLANG_WARN_CONSTANT_CONVERSION = YES;
				CLANG_WARN_DIRECT_OBJC_ISA_USAGE = YES_ERROR;
				CLANG_WARN_EMPTY_BODY = YES;
				CLANG_WARN_ENUM_CONVERSION = YES;
				CLANG_WARN_INT_CONVERSION = YES;
				CLANG_WARN_OBJC_ROOT_CLASS = YES_ERROR;
				CLANG_WARN_UNREACHABLE_CODE = YES;
				CLANG_WARN__DUPLICATE_METHOD_MATCH = YES;
				"CODE_SIGN_IDENTITY[sdk=iphoneos*]" = "iPhone Developer";
				COPY_PHASE_STRIP = NO;
				DEBUG_INFORMATION_FORMAT = "dwarf-with-dsym";
				ENABLE_STRICT_OBJC_MSGSEND = YES;
				GCC_C_LANGUAGE_STANDARD = gnu99;
				GCC_DYNAMIC_NO_PIC = NO;
				GCC_NO_COMMON_BLOCKS = YES;
				GCC_OPTIMIZATION_LEVEL = 0;
				GCC_PREPROCESSOR_DEFINITIONS = (
					"DEBUG=1",
					"$(inherited)",
				);
				GCC_SYMBOLS_PRIVATE_EXTERN = NO;
				GCC_WARN_64_TO_32_BIT_CONVERSION = YES;
				GCC_WARN_ABOUT_RETURN_TYPE = YES_ERROR;
				GCC_WARN_UNDECLARED_SELECTOR = YES;
				GCC_WARN_UNINITIALIZED_AUTOS = YES_AGGRESSIVE;
				GCC_WARN_UNUSED_FUNCTION = YES;
				GCC_WARN_UNUSED_VARIABLE = YES;
				IPHONEOS_DEPLOYMENT_TARGET = 8.3;
				MTL_ENABLE_DEBUG_INFO = YES;
				ONLY_ACTIVE_ARCH = YES;
				SDKROOT = iphoneos;
				SWIFT_OPTIMIZATION_LEVEL = "-Onone";
			};
			name = Debug;
		};
		4FC9C00D1B2C9640002A3458 /* Release */ = {
			isa = XCBuildConfiguration;
			buildSettings = {
				ALWAYS_SEARCH_USER_PATHS = NO;
				CLANG_CXX_LANGUAGE_STANDARD = "gnu++0x";
				CLANG_CXX_LIBRARY = "libc++";
				CLANG_ENABLE_MODULES = YES;
				CLANG_ENABLE_OBJC_ARC = YES;
				CLANG_WARN_BOOL_CONVERSION = YES;
				CLANG_WARN_CONSTANT_CONVERSION = YES;
				CLANG_WARN_DIRECT_OBJC_ISA_USAGE = YES_ERROR;
				CLANG_WARN_EMPTY_BODY = YES;
				CLANG_WARN_ENUM_CONVERSION = YES;
				CLANG_WARN_INT_CONVERSION = YES;
				CLANG_WARN_OBJC_ROOT_CLASS = YES_ERROR;
				CLANG_WARN_UNREACHABLE_CODE = YES;
				CLANG_WARN__DUPLICATE_METHOD_MATCH = YES;
				"CODE_SIGN_IDENTITY[sdk=iphoneos*]" = "iPhone Developer";
				COPY_PHASE_STRIP = NO;
				DEBUG_INFORMATION_FORMAT = "dwarf-with-dsym";
				ENABLE_NS_ASSERTIONS = NO;
				ENABLE_STRICT_OBJC_MSGSEND = YES;
				GCC_C_LANGUAGE_STANDARD = gnu99;
				GCC_NO_COMMON_BLOCKS = YES;
				GCC_WARN_64_TO_32_BIT_CONVERSION = YES;
				GCC_WARN_ABOUT_RETURN_TYPE = YES_ERROR;
				GCC_WARN_UNDECLARED_SELECTOR = YES;
				GCC_WARN_UNINITIALIZED_AUTOS = YES_AGGRESSIVE;
				GCC_WARN_UNUSED_FUNCTION = YES;
				GCC_WARN_UNUSED_VARIABLE = YES;
				IPHONEOS_DEPLOYMENT_TARGET = 8.3;
				MTL_ENABLE_DEBUG_INFO = NO;
				SDKROOT = iphoneos;
				VALIDATE_PRODUCT = YES;
			};
			name = Release;
		};
		4FC9C00F1B2C9640002A3458 /* Debug */ = {
			isa = XCBuildConfiguration;
			buildSettings = {
				ASSETCATALOG_COMPILER_APPICON_NAME = AppIcon;
				INFOPLIST_FILE = ZipCashLockable/Info.plist;
				LD_RUNPATH_SEARCH_PATHS = "$(inherited) @executable_path/Frameworks";
				PRODUCT_NAME = "$(TARGET_NAME)";
			};
			name = Debug;
		};
		4FC9C0101B2C9640002A3458 /* Release */ = {
			isa = XCBuildConfiguration;
			buildSettings = {
				ASSETCATALOG_COMPILER_APPICON_NAME = AppIcon;
				INFOPLIST_FILE = ZipCashLockable/Info.plist;
				LD_RUNPATH_SEARCH_PATHS = "$(inherited) @executable_path/Frameworks";
				PRODUCT_NAME = "$(TARGET_NAME)";
			};
			name = Release;
		};
		4FC9C0121B2C9640002A3458 /* Debug */ = {
			isa = XCBuildConfiguration;
			buildSettings = {
				BUNDLE_LOADER = "$(TEST_HOST)";
				FRAMEWORK_SEARCH_PATHS = (
					"$(SDKROOT)/Developer/Library/Frameworks",
					"$(inherited)",
				);
				GCC_PREPROCESSOR_DEFINITIONS = (
					"DEBUG=1",
					"$(inherited)",
				);
				INFOPLIST_FILE = ZipCashLockableTests/Info.plist;
				LD_RUNPATH_SEARCH_PATHS = "$(inherited) @executable_path/Frameworks @loader_path/Frameworks";
				PRODUCT_NAME = "$(TARGET_NAME)";
				TEST_HOST = "$(BUILT_PRODUCTS_DIR)/ZipCashLockable.app/ZipCashLockable";
			};
			name = Debug;
		};
		4FC9C0131B2C9640002A3458 /* Release */ = {
			isa = XCBuildConfiguration;
			buildSettings = {
				BUNDLE_LOADER = "$(TEST_HOST)";
				FRAMEWORK_SEARCH_PATHS = (
					"$(SDKROOT)/Developer/Library/Frameworks",
					"$(inherited)",
				);
				INFOPLIST_FILE = ZipCashLockableTests/Info.plist;
				LD_RUNPATH_SEARCH_PATHS = "$(inherited) @executable_path/Frameworks @loader_path/Frameworks";
				PRODUCT_NAME = "$(TARGET_NAME)";
				TEST_HOST = "$(BUILT_PRODUCTS_DIR)/ZipCashLockable.app/ZipCashLockable";
			};
			name = Release;
		};
/* End XCBuildConfiguration section */

/* Begin XCConfigurationList section */
		4FC9BFEA1B2C9640002A3458 /* Build configuration list for PBXProject "ZipCashLockable" */ = {
			isa = XCConfigurationList;
			buildConfigurations = (
				4FC9C00C1B2C9640002A3458 /* Debug */,
				4FC9C00D1B2C9640002A3458 /* Release */,
			);
			defaultConfigurationIsVisible = 0;
			defaultConfigurationName = Release;
		};
		4FC9C00E1B2C9640002A3458 /* Build configuration list for PBXNativeTarget "ZipCashLockable" */ = {
			isa = XCConfigurationList;
			buildConfigurations = (
				4FC9C00F1B2C9640002A3458 /* Debug */,
				4FC9C0101B2C9640002A3458 /* Release */,
			);
			defaultConfigurationIsVisible = 0;
			defaultConfigurationName = Release;
		};
		4FC9C0111B2C9640002A3458 /* Build configuration list for PBXNativeTarget "ZipCashLockableTests" */ = {
			isa = XCConfigurationList;
			buildConfigurations = (
				4FC9C0121B2C9640002A3458 /* Debug */,
				4FC9C0131B2C9640002A3458 /* Release */,
			);
			defaultConfigurationIsVisible = 0;
			defaultConfigurationName = Release;
		};
/* End XCConfigurationList section */
	};
	rootObject = 4FC9BFE71B2C9640002A3458 /* Project object */;
}
